// !$*UTF8*$!
{
	archiveVersion = 1;
	classes = {
	};
	objectVersion = 56;
	objects = {

/* Begin PBXBuildFile section */
		345D2C072A667C0500FFE6BE /* AppDelegate.swift in Sources */ = {isa = PBXBuildFile; fileRef = 345D2C062A667C0500FFE6BE /* AppDelegate.swift */; };
		345D2C092A667C0500FFE6BE /* SceneDelegate.swift in Sources */ = {isa = PBXBuildFile; fileRef = 345D2C082A667C0500FFE6BE /* SceneDelegate.swift */; };
		345D2C0B2A667C0500FFE6BE /* ViewController.swift in Sources */ = {isa = PBXBuildFile; fileRef = 345D2C0A2A667C0500FFE6BE /* ViewController.swift */; };
		345D2C0E2A667C0500FFE6BE /* Main.storyboard in Resources */ = {isa = PBXBuildFile; fileRef = 345D2C0C2A667C0500FFE6BE /* Main.storyboard */; };
		345D2C102A667C0700FFE6BE /* Assets.xcassets in Resources */ = {isa = PBXBuildFile; fileRef = 345D2C0F2A667C0700FFE6BE /* Assets.xcassets */; };
		345D2C132A667C0700FFE6BE /* LaunchScreen.storyboard in Resources */ = {isa = PBXBuildFile; fileRef = 345D2C112A667C0700FFE6BE /* LaunchScreen.storyboard */; };
		345D2C1B2A667C6D00FFE6BE /* DatePickerVC.swift in Sources */ = {isa = PBXBuildFile; fileRef = 345D2C1A2A667C6D00FFE6BE /* DatePickerVC.swift */; };
		345D2C1D2A667C9500FFE6BE /* HelperClass.swift in Sources */ = {isa = PBXBuildFile; fileRef = 345D2C1C2A667C9500FFE6BE /* HelperClass.swift */; };
		345D2C1F2A667CF600FFE6BE /* AlertVC.swift in Sources */ = {isa = PBXBuildFile; fileRef = 345D2C1E2A667CF600FFE6BE /* AlertVC.swift */; };
		345D2C212A667D3900FFE6BE /* Settings.swift in Sources */ = {isa = PBXBuildFile; fileRef = 345D2C202A667D3900FFE6BE /* Settings.swift */; };
		345D2C232A667D5B00FFE6BE /* WebService.swift in Sources */ = {isa = PBXBuildFile; fileRef = 345D2C222A667D5B00FFE6BE /* WebService.swift */; };
		345D2C252A667DA300FFE6BE /* ApiUrl.swift in Sources */ = {isa = PBXBuildFile; fileRef = 345D2C242A667DA300FFE6BE /* ApiUrl.swift */; };
		345D2C272A6686BC00FFE6BE /* ResponseModel.swift in Sources */ = {isa = PBXBuildFile; fileRef = 345D2C262A6686BC00FFE6BE /* ResponseModel.swift */; };
		345D2C552A66A3D400FFE6BE /* Fonts.swift in Sources */ = {isa = PBXBuildFile; fileRef = 345D2C412A66A3D400FFE6BE /* Fonts.swift */; };
		345D2C562A66A3D400FFE6BE /* Poppins-ExtraLight.ttf in Resources */ = {isa = PBXBuildFile; fileRef = 345D2C432A66A3D400FFE6BE /* Poppins-ExtraLight.ttf */; };
		345D2C572A66A3D400FFE6BE /* Poppins-ThinItalic.ttf in Resources */ = {isa = PBXBuildFile; fileRef = 345D2C442A66A3D400FFE6BE /* Poppins-ThinItalic.ttf */; };
		345D2C582A66A3D400FFE6BE /* Poppins-ExtraLightItalic.ttf in Resources */ = {isa = PBXBuildFile; fileRef = 345D2C452A66A3D400FFE6BE /* Poppins-ExtraLightItalic.ttf */; };
		345D2C592A66A3D400FFE6BE /* Poppins-BoldItalic.ttf in Resources */ = {isa = PBXBuildFile; fileRef = 345D2C462A66A3D400FFE6BE /* Poppins-BoldItalic.ttf */; };
		345D2C5A2A66A3D400FFE6BE /* Poppins-Light.ttf in Resources */ = {isa = PBXBuildFile; fileRef = 345D2C472A66A3D400FFE6BE /* Poppins-Light.ttf */; };
		345D2C5B2A66A3D400FFE6BE /* Poppins-Medium.ttf in Resources */ = {isa = PBXBuildFile; fileRef = 345D2C482A66A3D400FFE6BE /* Poppins-Medium.ttf */; };
		345D2C5C2A66A3D400FFE6BE /* Poppins-SemiBoldItalic.ttf in Resources */ = {isa = PBXBuildFile; fileRef = 345D2C492A66A3D400FFE6BE /* Poppins-SemiBoldItalic.ttf */; };
		345D2C5D2A66A3D400FFE6BE /* Poppins-ExtraBoldItalic.ttf in Resources */ = {isa = PBXBuildFile; fileRef = 345D2C4A2A66A3D400FFE6BE /* Poppins-ExtraBoldItalic.ttf */; };
		345D2C5E2A66A3D400FFE6BE /* Poppins-ExtraBold.ttf in Resources */ = {isa = PBXBuildFile; fileRef = 345D2C4B2A66A3D400FFE6BE /* Poppins-ExtraBold.ttf */; };
		345D2C5F2A66A3D400FFE6BE /* Poppins-BlackItalic.ttf in Resources */ = {isa = PBXBuildFile; fileRef = 345D2C4C2A66A3D400FFE6BE /* Poppins-BlackItalic.ttf */; };
		345D2C602A66A3D400FFE6BE /* Poppins-Regular.ttf in Resources */ = {isa = PBXBuildFile; fileRef = 345D2C4D2A66A3D400FFE6BE /* Poppins-Regular.ttf */; };
		345D2C612A66A3D400FFE6BE /* Poppins-LightItalic.ttf in Resources */ = {isa = PBXBuildFile; fileRef = 345D2C4E2A66A3D400FFE6BE /* Poppins-LightItalic.ttf */; };
		345D2C622A66A3D400FFE6BE /* Poppins-Bold.ttf in Resources */ = {isa = PBXBuildFile; fileRef = 345D2C4F2A66A3D400FFE6BE /* Poppins-Bold.ttf */; };
		345D2C632A66A3D400FFE6BE /* Poppins-Black.ttf in Resources */ = {isa = PBXBuildFile; fileRef = 345D2C502A66A3D400FFE6BE /* Poppins-Black.ttf */; };
		345D2C642A66A3D400FFE6BE /* Poppins-Thin.ttf in Resources */ = {isa = PBXBuildFile; fileRef = 345D2C512A66A3D400FFE6BE /* Poppins-Thin.ttf */; };
		345D2C652A66A3D400FFE6BE /* Poppins-SemiBold.ttf in Resources */ = {isa = PBXBuildFile; fileRef = 345D2C522A66A3D400FFE6BE /* Poppins-SemiBold.ttf */; };
		345D2C662A66A3D400FFE6BE /* Poppins-Italic.ttf in Resources */ = {isa = PBXBuildFile; fileRef = 345D2C532A66A3D400FFE6BE /* Poppins-Italic.ttf */; };
		345D2C672A66A3D400FFE6BE /* Poppins-MediumItalic.ttf in Resources */ = {isa = PBXBuildFile; fileRef = 345D2C542A66A3D400FFE6BE /* Poppins-MediumItalic.ttf */; };
		345D2C692A66CECD00FFE6BE /* DayWiseCell.swift in Sources */ = {isa = PBXBuildFile; fileRef = 345D2C682A66CECD00FFE6BE /* DayWiseCell.swift */; };
		34F5ADED2A67B99500E2AFBD /* MyTabController.swift in Sources */ = {isa = PBXBuildFile; fileRef = 34F5ADEC2A67B99500E2AFBD /* MyTabController.swift */; };
		34F5ADF52A67C2BB00E2AFBD /* TwoWeekTableCell.swift in Sources */ = {isa = PBXBuildFile; fileRef = 34F5ADF42A67C2BB00E2AFBD /* TwoWeekTableCell.swift */; };
		34F5ADF92A67E48600E2AFBD /* SearchPlaceVC.swift in Sources */ = {isa = PBXBuildFile; fileRef = 34F5ADF82A67E48600E2AFBD /* SearchPlaceVC.swift */; };
		92BDAAC298B714A39C6E4F63 /* Pods_WeatherApp.framework in Frameworks */ = {isa = PBXBuildFile; fileRef = 326D8C36FA272514EC5C8423 /* Pods_WeatherApp.framework */; };
		C01711892B306F6A00C18D5E /* Windy.mp4 in Resources */ = {isa = PBXBuildFile; fileRef = C01711722B306E8A00C18D5E /* Windy.mp4 */; };
		C017118A2B306F6A00C18D5E /* Storm.mp4 in Resources */ = {isa = PBXBuildFile; fileRef = C01711712B306E8400C18D5E /* Storm.mp4 */; };
		C017118B2B306F6A00C18D5E /* Snowy.mp4 in Resources */ = {isa = PBXBuildFile; fileRef = C01711702B306E7E00C18D5E /* Snowy.mp4 */; };
		C017118C2B306F6A00C18D5E /* rainPartiallyCloudy.mp4 in Resources */ = {isa = PBXBuildFile; fileRef = C017116F2B306E7500C18D5E /* rainPartiallyCloudy.mp4 */; };
		C017118D2B306F6A00C18D5E /* rainOvercast.mp4 in Resources */ = {isa = PBXBuildFile; fileRef = C01711732B306E9300C18D5E /* rainOvercast.mp4 */; };
		C017118E2B306F6A00C18D5E /* rain.mp4 in Resources */ = {isa = PBXBuildFile; fileRef = C01711742B306EA000C18D5E /* rain.mp4 */; };
		C017118F2B306F6A00C18D5E /* cloudyNight.mp4 in Resources */ = {isa = PBXBuildFile; fileRef = C01711882B306F3A00C18D5E /* cloudyNight.mp4 */; };
		C01711902B306F6A00C18D5E /* dryNight.mp4 in Resources */ = {isa = PBXBuildFile; fileRef = C01711852B306F3800C18D5E /* dryNight.mp4 */; };
		C01711912B306F6A00C18D5E /* fogNight.mp4 in Resources */ = {isa = PBXBuildFile; fileRef = C01711842B306F3800C18D5E /* fogNight.mp4 */; };
		C01711922B306F6A00C18D5E /* hazeNight.mp4 in Resources */ = {isa = PBXBuildFile; fileRef = C01711862B306F3900C18D5E /* hazeNight.mp4 */; };
		C01711932B306F6A00C18D5E /* overcastNight.mp4 in Resources */ = {isa = PBXBuildFile; fileRef = C01711872B306F3A00C18D5E /* overcastNight.mp4 */; };
		C01711942B306F6A00C18D5E /* dryEvening.mp4 in Resources */ = {isa = PBXBuildFile; fileRef = C01711812B306F1900C18D5E /* dryEvening.mp4 */; };
		C01711952B306F6A00C18D5E /* overcastEvening.mp4 in Resources */ = {isa = PBXBuildFile; fileRef = C01711832B306F1B00C18D5E /* overcastEvening.mp4 */; };
		C01711962B306F6A00C18D5E /* fogEvening.mp4 in Resources */ = {isa = PBXBuildFile; fileRef = C01711822B306F1900C18D5E /* fogEvening.mp4 */; };
		C01711972B306F6A00C18D5E /* hazeEvening.mp4 in Resources */ = {isa = PBXBuildFile; fileRef = C01711802B306F1900C18D5E /* hazeEvening.mp4 */; };
		C01711982B306F6A00C18D5E /* cloudyEvening.mp4 in Resources */ = {isa = PBXBuildFile; fileRef = C017117F2B306F0800C18D5E /* cloudyEvening.mp4 */; };
		C01711992B306F6A00C18D5E /* cloudyNoon.mp4 in Resources */ = {isa = PBXBuildFile; fileRef = C017117B2B306EFE00C18D5E /* cloudyNoon.mp4 */; };
		C017119A2B306F6A00C18D5E /* fogNoon.mp4 in Resources */ = {isa = PBXBuildFile; fileRef = C017117D2B306EFE00C18D5E /* fogNoon.mp4 */; };
		C017119B2B306F6A00C18D5E /* hazeNoon.mp4 in Resources */ = {isa = PBXBuildFile; fileRef = C017117E2B306EFF00C18D5E /* hazeNoon.mp4 */; };
		C017119C2B306F6A00C18D5E /* overcastNoon.mp4 in Resources */ = {isa = PBXBuildFile; fileRef = C017117C2B306EFE00C18D5E /* overcastNoon.mp4 */; };
		C017119D2B306F6A00C18D5E /* dryNoon.mp4 in Resources */ = {isa = PBXBuildFile; fileRef = C017117A2B306EE500C18D5E /* dryNoon.mp4 */; };
		C017119E2B306F6A00C18D5E /* cloudyMorning.mp4 in Resources */ = {isa = PBXBuildFile; fileRef = C01711772B306EC700C18D5E /* cloudyMorning.mp4 */; };
		C017119F2B306F6A00C18D5E /* fogMorning.mp4 in Resources */ = {isa = PBXBuildFile; fileRef = C01711782B306EC700C18D5E /* fogMorning.mp4 */; };
		C01711A02B306F6A00C18D5E /* hazeMorning.mp4 in Resources */ = {isa = PBXBuildFile; fileRef = C01711792B306EC700C18D5E /* hazeMorning.mp4 */; };
		C01711A12B306F6A00C18D5E /* overcastMorning.mp4 in Resources */ = {isa = PBXBuildFile; fileRef = C01711762B306EC700C18D5E /* overcastMorning.mp4 */; };
		C01711A22B306F6A00C18D5E /* dryMorning.mp4 in Resources */ = {isa = PBXBuildFile; fileRef = C01711752B306EB500C18D5E /* dryMorning.mp4 */; };
		C026763E2B31445A00924422 /* StartupScreen.swift in Sources */ = {isa = PBXBuildFile; fileRef = C026763D2B31445A00924422 /* StartupScreen.swift */; };
		C02676462B31590900924422 /* AnimatedLogo.gif in Resources */ = {isa = PBXBuildFile; fileRef = C02676452B31590900924422 /* AnimatedLogo.gif */; };
		C026764D2B31928D00924422 /* Logo.gif in Resources */ = {isa = PBXBuildFile; fileRef = C026764B2B31928D00924422 /* Logo.gif */; };
		C026764E2B31928D00924422 /* LogoDark.gif in Resources */ = {isa = PBXBuildFile; fileRef = C026764C2B31928D00924422 /* LogoDark.gif */; };
		C03254232C259E71001875F6 /* weather.scn in Resources */ = {isa = PBXBuildFile; fileRef = C03254222C259E71001875F6 /* weather.scn */; };
		C03254252C259EA5001875F6 /* PartiallyCloudy.scn in Resources */ = {isa = PBXBuildFile; fileRef = C03254242C259EA5001875F6 /* PartiallyCloudy.scn */; };
		C03254272C25A1BA001875F6 /* Clear.scn in Resources */ = {isa = PBXBuildFile; fileRef = C03254262C25A1BA001875F6 /* Clear.scn */; };
		C032542C2C25A3D1001875F6 /* Overcast.scn in Resources */ = {isa = PBXBuildFile; fileRef = C032542B2C25A3D1001875F6 /* Overcast.scn */; };
		C032542E2C25A5D2001875F6 /* RainOvercast.scn in Resources */ = {isa = PBXBuildFile; fileRef = C032542D2C25A5D2001875F6 /* RainOvercast.scn */; };
		C03254302C25A6E5001875F6 /* SnowOvercast.scn in Resources */ = {isa = PBXBuildFile; fileRef = C032542F2C25A6E5001875F6 /* SnowOvercast.scn */; };
		C03254322C25A8AF001875F6 /* RainPartiallyCloudy.scn in Resources */ = {isa = PBXBuildFile; fileRef = C03254312C25A8AF001875F6 /* RainPartiallyCloudy.scn */; };
		C03254342C25A995001875F6 /* SnowPartiallyCloudy.scn in Resources */ = {isa = PBXBuildFile; fileRef = C03254332C25A995001875F6 /* SnowPartiallyCloudy.scn */; };
		C03254382C25AB26001875F6 /* SnowRainPartially.scn in Resources */ = {isa = PBXBuildFile; fileRef = C03254372C25AB26001875F6 /* SnowRainPartially.scn */; };
		C032543A2C25ABD6001875F6 /* SnowRainOvercast.scn in Resources */ = {isa = PBXBuildFile; fileRef = C03254392C25ABD6001875F6 /* SnowRainOvercast.scn */; };
		C032543C2C25AE05001875F6 /* Rain.scn in Resources */ = {isa = PBXBuildFile; fileRef = C032543B2C25AE05001875F6 /* Rain.scn */; };
		C032543E2C25B120001875F6 /* Snow.scn in Resources */ = {isa = PBXBuildFile; fileRef = C032543D2C25B120001875F6 /* Snow.scn */; };
		C03254402C25B252001875F6 /* Storm.scn in Resources */ = {isa = PBXBuildFile; fileRef = C032543F2C25B252001875F6 /* Storm.scn */; };
		C03254422C25B37D001875F6 /* Windy.scn in Resources */ = {isa = PBXBuildFile; fileRef = C03254412C25B37D001875F6 /* Windy.scn */; };
		C03254442C25B57F001875F6 /* Haze.scn in Resources */ = {isa = PBXBuildFile; fileRef = C03254432C25B57F001875F6 /* Haze.scn */; };
		C03254462C25D046001875F6 /* WeatherCell.swift in Sources */ = {isa = PBXBuildFile; fileRef = C03254452C25D046001875F6 /* WeatherCell.swift */; };
		C0940D9D2C25903900B141A8 /* Sun.scn in Resources */ = {isa = PBXBuildFile; fileRef = C0940D9C2C25903900B141A8 /* Sun.scn */; };
		C0940DA12C2590B500B141A8 /* WeatherVC.swift in Sources */ = {isa = PBXBuildFile; fileRef = C0940DA02C2590B500B141A8 /* WeatherVC.swift */; };
		C09701E62B2F6BF700EB8385 /* clearMorning.mp4 in Resources */ = {isa = PBXBuildFile; fileRef = C09701E52B2F6BDE00EB8385 /* clearMorning.mp4 */; };
		C09701EB2B2F7C3D00EB8385 /* clearEvening.mp4 in Resources */ = {isa = PBXBuildFile; fileRef = C09701E82B2F7C1600EB8385 /* clearEvening.mp4 */; };
		C09701EC2B2F7C3D00EB8385 /* clearNoon.mp4 in Resources */ = {isa = PBXBuildFile; fileRef = C09701E72B2F7C0500EB8385 /* clearNoon.mp4 */; };
		C09701F02B2F8D0600EB8385 /* clearNight.mp4 in Resources */ = {isa = PBXBuildFile; fileRef = C09701EF2B2F8D0300EB8385 /* clearNight.mp4 */; };
/* End PBXBuildFile section */

/* Begin PBXCopyFilesBuildPhase section */
		345D2C812A66E42300FFE6BE /* Embed Foundation Extensions */ = {
			isa = PBXCopyFilesBuildPhase;
			buildActionMask = 2147483647;
			dstPath = "";
			dstSubfolderSpec = 13;
			files = (
			);
			name = "Embed Foundation Extensions";
			runOnlyForDeploymentPostprocessing = 0;
		};
/* End PBXCopyFilesBuildPhase section */

/* Begin PBXFileReference section */
		326D8C36FA272514EC5C8423 /* Pods_WeatherApp.framework */ = {isa = PBXFileReference; explicitFileType = wrapper.framework; includeInIndex = 0; path = Pods_WeatherApp.framework; sourceTree = BUILT_PRODUCTS_DIR; };
		345D2C032A667C0500FFE6BE /* WeatherApp.app */ = {isa = PBXFileReference; explicitFileType = wrapper.application; includeInIndex = 0; path = WeatherApp.app; sourceTree = BUILT_PRODUCTS_DIR; };
		345D2C062A667C0500FFE6BE /* AppDelegate.swift */ = {isa = PBXFileReference; lastKnownFileType = sourcecode.swift; path = AppDelegate.swift; sourceTree = "<group>"; };
		345D2C082A667C0500FFE6BE /* SceneDelegate.swift */ = {isa = PBXFileReference; lastKnownFileType = sourcecode.swift; path = SceneDelegate.swift; sourceTree = "<group>"; };
		345D2C0A2A667C0500FFE6BE /* ViewController.swift */ = {isa = PBXFileReference; lastKnownFileType = sourcecode.swift; path = ViewController.swift; sourceTree = "<group>"; };
		345D2C0D2A667C0500FFE6BE /* Base */ = {isa = PBXFileReference; lastKnownFileType = file.storyboard; name = Base; path = Base.lproj/Main.storyboard; sourceTree = "<group>"; };
		345D2C0F2A667C0700FFE6BE /* Assets.xcassets */ = {isa = PBXFileReference; lastKnownFileType = folder.assetcatalog; path = Assets.xcassets; sourceTree = "<group>"; };
		345D2C122A667C0700FFE6BE /* Base */ = {isa = PBXFileReference; lastKnownFileType = file.storyboard; name = Base; path = Base.lproj/LaunchScreen.storyboard; sourceTree = "<group>"; };
		345D2C142A667C0700FFE6BE /* Info.plist */ = {isa = PBXFileReference; lastKnownFileType = text.plist.xml; path = Info.plist; sourceTree = "<group>"; };
		345D2C1A2A667C6D00FFE6BE /* DatePickerVC.swift */ = {isa = PBXFileReference; lastKnownFileType = sourcecode.swift; path = DatePickerVC.swift; sourceTree = "<group>"; };
		345D2C1C2A667C9500FFE6BE /* HelperClass.swift */ = {isa = PBXFileReference; lastKnownFileType = sourcecode.swift; path = HelperClass.swift; sourceTree = "<group>"; };
		345D2C1E2A667CF600FFE6BE /* AlertVC.swift */ = {isa = PBXFileReference; lastKnownFileType = sourcecode.swift; path = AlertVC.swift; sourceTree = "<group>"; };
		345D2C202A667D3900FFE6BE /* Settings.swift */ = {isa = PBXFileReference; lastKnownFileType = sourcecode.swift; path = Settings.swift; sourceTree = "<group>"; };
		345D2C222A667D5B00FFE6BE /* WebService.swift */ = {isa = PBXFileReference; lastKnownFileType = sourcecode.swift; path = WebService.swift; sourceTree = "<group>"; };
		345D2C242A667DA300FFE6BE /* ApiUrl.swift */ = {isa = PBXFileReference; lastKnownFileType = sourcecode.swift; path = ApiUrl.swift; sourceTree = "<group>"; };
		345D2C262A6686BC00FFE6BE /* ResponseModel.swift */ = {isa = PBXFileReference; lastKnownFileType = sourcecode.swift; path = ResponseModel.swift; sourceTree = "<group>"; };
		345D2C412A66A3D400FFE6BE /* Fonts.swift */ = {isa = PBXFileReference; fileEncoding = 4; lastKnownFileType = sourcecode.swift; path = Fonts.swift; sourceTree = "<group>"; };
		345D2C432A66A3D400FFE6BE /* Poppins-ExtraLight.ttf */ = {isa = PBXFileReference; lastKnownFileType = file; path = "Poppins-ExtraLight.ttf"; sourceTree = "<group>"; };
		345D2C442A66A3D400FFE6BE /* Poppins-ThinItalic.ttf */ = {isa = PBXFileReference; lastKnownFileType = file; path = "Poppins-ThinItalic.ttf"; sourceTree = "<group>"; };
		345D2C452A66A3D400FFE6BE /* Poppins-ExtraLightItalic.ttf */ = {isa = PBXFileReference; lastKnownFileType = file; path = "Poppins-ExtraLightItalic.ttf"; sourceTree = "<group>"; };
		345D2C462A66A3D400FFE6BE /* Poppins-BoldItalic.ttf */ = {isa = PBXFileReference; lastKnownFileType = file; path = "Poppins-BoldItalic.ttf"; sourceTree = "<group>"; };
		345D2C472A66A3D400FFE6BE /* Poppins-Light.ttf */ = {isa = PBXFileReference; lastKnownFileType = file; path = "Poppins-Light.ttf"; sourceTree = "<group>"; };
		345D2C482A66A3D400FFE6BE /* Poppins-Medium.ttf */ = {isa = PBXFileReference; lastKnownFileType = file; path = "Poppins-Medium.ttf"; sourceTree = "<group>"; };
		345D2C492A66A3D400FFE6BE /* Poppins-SemiBoldItalic.ttf */ = {isa = PBXFileReference; lastKnownFileType = file; path = "Poppins-SemiBoldItalic.ttf"; sourceTree = "<group>"; };
		345D2C4A2A66A3D400FFE6BE /* Poppins-ExtraBoldItalic.ttf */ = {isa = PBXFileReference; lastKnownFileType = file; path = "Poppins-ExtraBoldItalic.ttf"; sourceTree = "<group>"; };
		345D2C4B2A66A3D400FFE6BE /* Poppins-ExtraBold.ttf */ = {isa = PBXFileReference; lastKnownFileType = file; path = "Poppins-ExtraBold.ttf"; sourceTree = "<group>"; };
		345D2C4C2A66A3D400FFE6BE /* Poppins-BlackItalic.ttf */ = {isa = PBXFileReference; lastKnownFileType = file; path = "Poppins-BlackItalic.ttf"; sourceTree = "<group>"; };
		345D2C4D2A66A3D400FFE6BE /* Poppins-Regular.ttf */ = {isa = PBXFileReference; lastKnownFileType = file; path = "Poppins-Regular.ttf"; sourceTree = "<group>"; };
		345D2C4E2A66A3D400FFE6BE /* Poppins-LightItalic.ttf */ = {isa = PBXFileReference; lastKnownFileType = file; path = "Poppins-LightItalic.ttf"; sourceTree = "<group>"; };
		345D2C4F2A66A3D400FFE6BE /* Poppins-Bold.ttf */ = {isa = PBXFileReference; lastKnownFileType = file; path = "Poppins-Bold.ttf"; sourceTree = "<group>"; };
		345D2C502A66A3D400FFE6BE /* Poppins-Black.ttf */ = {isa = PBXFileReference; lastKnownFileType = file; path = "Poppins-Black.ttf"; sourceTree = "<group>"; };
		345D2C512A66A3D400FFE6BE /* Poppins-Thin.ttf */ = {isa = PBXFileReference; lastKnownFileType = file; path = "Poppins-Thin.ttf"; sourceTree = "<group>"; };
		345D2C522A66A3D400FFE6BE /* Poppins-SemiBold.ttf */ = {isa = PBXFileReference; lastKnownFileType = file; path = "Poppins-SemiBold.ttf"; sourceTree = "<group>"; };
		345D2C532A66A3D400FFE6BE /* Poppins-Italic.ttf */ = {isa = PBXFileReference; lastKnownFileType = file; path = "Poppins-Italic.ttf"; sourceTree = "<group>"; };
		345D2C542A66A3D400FFE6BE /* Poppins-MediumItalic.ttf */ = {isa = PBXFileReference; lastKnownFileType = file; path = "Poppins-MediumItalic.ttf"; sourceTree = "<group>"; };
		345D2C682A66CECD00FFE6BE /* DayWiseCell.swift */ = {isa = PBXFileReference; lastKnownFileType = sourcecode.swift; path = DayWiseCell.swift; sourceTree = "<group>"; };
		345D2C6F2A66E42200FFE6BE /* WidgetKit.framework */ = {isa = PBXFileReference; lastKnownFileType = wrapper.framework; name = WidgetKit.framework; path = System/Library/Frameworks/WidgetKit.framework; sourceTree = SDKROOT; };
		345D2C712A66E42200FFE6BE /* SwiftUI.framework */ = {isa = PBXFileReference; lastKnownFileType = wrapper.framework; name = SwiftUI.framework; path = System/Library/Frameworks/SwiftUI.framework; sourceTree = SDKROOT; };
		34F5ADEC2A67B99500E2AFBD /* MyTabController.swift */ = {isa = PBXFileReference; lastKnownFileType = sourcecode.swift; path = MyTabController.swift; sourceTree = "<group>"; };
		34F5ADF42A67C2BB00E2AFBD /* TwoWeekTableCell.swift */ = {isa = PBXFileReference; lastKnownFileType = sourcecode.swift; path = TwoWeekTableCell.swift; sourceTree = "<group>"; };
		34F5ADF82A67E48600E2AFBD /* SearchPlaceVC.swift */ = {isa = PBXFileReference; lastKnownFileType = sourcecode.swift; path = SearchPlaceVC.swift; sourceTree = "<group>"; };
		46406723D65D019FC0AC7624 /* Pods-WeatherApp.debug.xcconfig */ = {isa = PBXFileReference; includeInIndex = 1; lastKnownFileType = text.xcconfig; name = "Pods-WeatherApp.debug.xcconfig"; path = "Target Support Files/Pods-WeatherApp/Pods-WeatherApp.debug.xcconfig"; sourceTree = "<group>"; };
		C017116F2B306E7500C18D5E /* rainPartiallyCloudy.mp4 */ = {isa = PBXFileReference; lastKnownFileType = file; path = rainPartiallyCloudy.mp4; sourceTree = "<group>"; };
		C01711702B306E7E00C18D5E /* Snowy.mp4 */ = {isa = PBXFileReference; lastKnownFileType = file; path = Snowy.mp4; sourceTree = "<group>"; };
		C01711712B306E8400C18D5E /* Storm.mp4 */ = {isa = PBXFileReference; lastKnownFileType = file; path = Storm.mp4; sourceTree = "<group>"; };
		C01711722B306E8A00C18D5E /* Windy.mp4 */ = {isa = PBXFileReference; lastKnownFileType = file; path = Windy.mp4; sourceTree = "<group>"; };
		C01711732B306E9300C18D5E /* rainOvercast.mp4 */ = {isa = PBXFileReference; lastKnownFileType = file; path = rainOvercast.mp4; sourceTree = "<group>"; };
		C01711742B306EA000C18D5E /* rain.mp4 */ = {isa = PBXFileReference; lastKnownFileType = file; path = rain.mp4; sourceTree = "<group>"; };
		C01711752B306EB500C18D5E /* dryMorning.mp4 */ = {isa = PBXFileReference; lastKnownFileType = file; path = dryMorning.mp4; sourceTree = "<group>"; };
		C01711762B306EC700C18D5E /* overcastMorning.mp4 */ = {isa = PBXFileReference; lastKnownFileType = file; path = overcastMorning.mp4; sourceTree = "<group>"; };
		C01711772B306EC700C18D5E /* cloudyMorning.mp4 */ = {isa = PBXFileReference; lastKnownFileType = file; path = cloudyMorning.mp4; sourceTree = "<group>"; };
		C01711782B306EC700C18D5E /* fogMorning.mp4 */ = {isa = PBXFileReference; lastKnownFileType = file; path = fogMorning.mp4; sourceTree = "<group>"; };
		C01711792B306EC700C18D5E /* hazeMorning.mp4 */ = {isa = PBXFileReference; lastKnownFileType = file; path = hazeMorning.mp4; sourceTree = "<group>"; };
		C017117A2B306EE500C18D5E /* dryNoon.mp4 */ = {isa = PBXFileReference; lastKnownFileType = file; path = dryNoon.mp4; sourceTree = "<group>"; };
		C017117B2B306EFE00C18D5E /* cloudyNoon.mp4 */ = {isa = PBXFileReference; lastKnownFileType = file; path = cloudyNoon.mp4; sourceTree = "<group>"; };
		C017117C2B306EFE00C18D5E /* overcastNoon.mp4 */ = {isa = PBXFileReference; lastKnownFileType = file; path = overcastNoon.mp4; sourceTree = "<group>"; };
		C017117D2B306EFE00C18D5E /* fogNoon.mp4 */ = {isa = PBXFileReference; lastKnownFileType = file; path = fogNoon.mp4; sourceTree = "<group>"; };
		C017117E2B306EFF00C18D5E /* hazeNoon.mp4 */ = {isa = PBXFileReference; lastKnownFileType = file; path = hazeNoon.mp4; sourceTree = "<group>"; };
		C017117F2B306F0800C18D5E /* cloudyEvening.mp4 */ = {isa = PBXFileReference; lastKnownFileType = file; path = cloudyEvening.mp4; sourceTree = "<group>"; };
		C01711802B306F1900C18D5E /* hazeEvening.mp4 */ = {isa = PBXFileReference; lastKnownFileType = file; path = hazeEvening.mp4; sourceTree = "<group>"; };
		C01711812B306F1900C18D5E /* dryEvening.mp4 */ = {isa = PBXFileReference; lastKnownFileType = file; path = dryEvening.mp4; sourceTree = "<group>"; };
		C01711822B306F1900C18D5E /* fogEvening.mp4 */ = {isa = PBXFileReference; lastKnownFileType = file; path = fogEvening.mp4; sourceTree = "<group>"; };
		C01711832B306F1B00C18D5E /* overcastEvening.mp4 */ = {isa = PBXFileReference; lastKnownFileType = file; path = overcastEvening.mp4; sourceTree = "<group>"; };
		C01711842B306F3800C18D5E /* fogNight.mp4 */ = {isa = PBXFileReference; lastKnownFileType = file; path = fogNight.mp4; sourceTree = "<group>"; };
		C01711852B306F3800C18D5E /* dryNight.mp4 */ = {isa = PBXFileReference; lastKnownFileType = file; path = dryNight.mp4; sourceTree = "<group>"; };
		C01711862B306F3900C18D5E /* hazeNight.mp4 */ = {isa = PBXFileReference; lastKnownFileType = file; path = hazeNight.mp4; sourceTree = "<group>"; };
		C01711872B306F3A00C18D5E /* overcastNight.mp4 */ = {isa = PBXFileReference; lastKnownFileType = file; path = overcastNight.mp4; sourceTree = "<group>"; };
		C01711882B306F3A00C18D5E /* cloudyNight.mp4 */ = {isa = PBXFileReference; lastKnownFileType = file; path = cloudyNight.mp4; sourceTree = "<group>"; };
		C026763D2B31445A00924422 /* StartupScreen.swift */ = {isa = PBXFileReference; lastKnownFileType = sourcecode.swift; path = StartupScreen.swift; sourceTree = "<group>"; };
		C02676452B31590900924422 /* AnimatedLogo.gif */ = {isa = PBXFileReference; lastKnownFileType = image.gif; path = AnimatedLogo.gif; sourceTree = "<group>"; };
		C026764B2B31928D00924422 /* Logo.gif */ = {isa = PBXFileReference; lastKnownFileType = image.gif; path = Logo.gif; sourceTree = "<group>"; };
		C026764C2B31928D00924422 /* LogoDark.gif */ = {isa = PBXFileReference; lastKnownFileType = image.gif; path = LogoDark.gif; sourceTree = "<group>"; };
		C03254222C259E71001875F6 /* weather.scn */ = {isa = PBXFileReference; lastKnownFileType = file.bplist; path = weather.scn; sourceTree = "<group>"; };
		C03254242C259EA5001875F6 /* PartiallyCloudy.scn */ = {isa = PBXFileReference; lastKnownFileType = file.bplist; path = PartiallyCloudy.scn; sourceTree = "<group>"; };
		C03254262C25A1BA001875F6 /* Clear.scn */ = {isa = PBXFileReference; lastKnownFileType = file.bplist; path = Clear.scn; sourceTree = "<group>"; };
		C032542B2C25A3D1001875F6 /* Overcast.scn */ = {isa = PBXFileReference; lastKnownFileType = file.bplist; path = Overcast.scn; sourceTree = "<group>"; };
		C032542D2C25A5D2001875F6 /* RainOvercast.scn */ = {isa = PBXFileReference; lastKnownFileType = file.bplist; path = RainOvercast.scn; sourceTree = "<group>"; };
		C032542F2C25A6E5001875F6 /* SnowOvercast.scn */ = {isa = PBXFileReference; lastKnownFileType = file.bplist; path = SnowOvercast.scn; sourceTree = "<group>"; };
		C03254312C25A8AF001875F6 /* RainPartiallyCloudy.scn */ = {isa = PBXFileReference; lastKnownFileType = file.bplist; path = RainPartiallyCloudy.scn; sourceTree = "<group>"; };
		C03254332C25A995001875F6 /* SnowPartiallyCloudy.scn */ = {isa = PBXFileReference; lastKnownFileType = file.bplist; path = SnowPartiallyCloudy.scn; sourceTree = "<group>"; };
		C03254372C25AB26001875F6 /* SnowRainPartially.scn */ = {isa = PBXFileReference; lastKnownFileType = file.bplist; path = SnowRainPartially.scn; sourceTree = "<group>"; };
		C03254392C25ABD6001875F6 /* SnowRainOvercast.scn */ = {isa = PBXFileReference; lastKnownFileType = file.bplist; path = SnowRainOvercast.scn; sourceTree = "<group>"; };
		C032543B2C25AE05001875F6 /* Rain.scn */ = {isa = PBXFileReference; lastKnownFileType = file.bplist; path = Rain.scn; sourceTree = "<group>"; };
		C032543D2C25B120001875F6 /* Snow.scn */ = {isa = PBXFileReference; lastKnownFileType = file.bplist; path = Snow.scn; sourceTree = "<group>"; };
		C032543F2C25B252001875F6 /* Storm.scn */ = {isa = PBXFileReference; lastKnownFileType = file.bplist; path = Storm.scn; sourceTree = "<group>"; };
		C03254412C25B37D001875F6 /* Windy.scn */ = {isa = PBXFileReference; lastKnownFileType = file.bplist; path = Windy.scn; sourceTree = "<group>"; };
		C03254432C25B57F001875F6 /* Haze.scn */ = {isa = PBXFileReference; lastKnownFileType = file.bplist; path = Haze.scn; sourceTree = "<group>"; };
		C03254452C25D046001875F6 /* WeatherCell.swift */ = {isa = PBXFileReference; lastKnownFileType = sourcecode.swift; path = WeatherCell.swift; sourceTree = "<group>"; };
		C04EE00A2C26E18500DFAD7D /* Config.xcconfig */ = {isa = PBXFileReference; lastKnownFileType = text.xcconfig; path = Config.xcconfig; sourceTree = "<group>"; };
		C0940D9C2C25903900B141A8 /* Sun.scn */ = {isa = PBXFileReference; lastKnownFileType = file.bplist; path = Sun.scn; sourceTree = "<group>"; };
		C0940DA02C2590B500B141A8 /* WeatherVC.swift */ = {isa = PBXFileReference; lastKnownFileType = sourcecode.swift; path = WeatherVC.swift; sourceTree = "<group>"; };
		C09701DE2B2F5E1500EB8385 /* Beach.mp4 */ = {isa = PBXFileReference; lastKnownFileType = file; name = Beach.mp4; path = "../../../../Weather videos/Beach.mp4"; sourceTree = "<group>"; };
		C09701E52B2F6BDE00EB8385 /* clearMorning.mp4 */ = {isa = PBXFileReference; lastKnownFileType = file; path = clearMorning.mp4; sourceTree = "<group>"; };
		C09701E72B2F7C0500EB8385 /* clearNoon.mp4 */ = {isa = PBXFileReference; lastKnownFileType = file; path = clearNoon.mp4; sourceTree = "<group>"; };
		C09701E82B2F7C1600EB8385 /* clearEvening.mp4 */ = {isa = PBXFileReference; lastKnownFileType = file; path = clearEvening.mp4; sourceTree = "<group>"; };
		C09701EF2B2F8D0300EB8385 /* clearNight.mp4 */ = {isa = PBXFileReference; lastKnownFileType = file; path = clearNight.mp4; sourceTree = "<group>"; };
		C0A197872B63AFBE00BD08D8 /* snowRainPartiallyCloudy.mp4 */ = {isa = PBXFileReference; lastKnownFileType = file; path = snowRainPartiallyCloudy.mp4; sourceTree = "<group>"; };
		C0A197892B63B17800BD08D8 /* snowOvercast.mp4 */ = {isa = PBXFileReference; lastKnownFileType = file; path = snowOvercast.mp4; sourceTree = "<group>"; };
		C4B24E6493128D9A1205AE95 /* Pods-WeatherApp.release.xcconfig */ = {isa = PBXFileReference; includeInIndex = 1; lastKnownFileType = text.xcconfig; name = "Pods-WeatherApp.release.xcconfig"; path = "Target Support Files/Pods-WeatherApp/Pods-WeatherApp.release.xcconfig"; sourceTree = "<group>"; };
/* End PBXFileReference section */

/* Begin PBXFrameworksBuildPhase section */
		345D2C002A667C0500FFE6BE /* Frameworks */ = {
			isa = PBXFrameworksBuildPhase;
			buildActionMask = 2147483647;
			files = (
				92BDAAC298B714A39C6E4F63 /* Pods_WeatherApp.framework in Frameworks */,
			);
			runOnlyForDeploymentPostprocessing = 0;
		};
/* End PBXFrameworksBuildPhase section */

/* Begin PBXGroup section */
		345D2BFA2A667C0500FFE6BE = {
			isa = PBXGroup;
			children = (
				345D2C052A667C0500FFE6BE /* WeatherApp */,
				345D2C042A667C0500FFE6BE /* Products */,
				CED5733B7C6E0FBCB089994D /* Pods */,
				D6F2CDE1F4C5FA3771D7D4A7 /* Frameworks */,
			);
			sourceTree = "<group>";
		};
		345D2C042A667C0500FFE6BE /* Products */ = {
			isa = PBXGroup;
			children = (
				345D2C032A667C0500FFE6BE /* WeatherApp.app */,
			);
			name = Products;
			sourceTree = "<group>";
		};
		345D2C052A667C0500FFE6BE /* WeatherApp */ = {
			isa = PBXGroup;
			children = (
				C0940D9B2C25900800B141A8 /* 3D Models */,
				C09701DD2B2F5E0800EB8385 /* Videos */,
				345D2C142A667C0700FFE6BE /* Info.plist */,
				34F5ADF32A67C28F00E2AFBD /* Core */,
				34F5ADF22A67C27B00E2AFBD /* Controller */,
				34F5ADF12A67C26C00E2AFBD /* Model */,
				34F5ADF02A67C25500E2AFBD /* Utils */,
				34F5ADEE2A67C23400E2AFBD /* Views */,
				345D2C402A66A3D400FFE6BE /* Fonts */,
				C04EE00A2C26E18500DFAD7D /* Config.xcconfig */,
			);
			path = WeatherApp;
			sourceTree = "<group>";
		};
		345D2C402A66A3D400FFE6BE /* Fonts */ = {
			isa = PBXGroup;
			children = (
				345D2C412A66A3D400FFE6BE /* Fonts.swift */,
				345D2C422A66A3D400FFE6BE /* Poppins */,
			);
			path = Fonts;
			sourceTree = "<group>";
		};
		345D2C422A66A3D400FFE6BE /* Poppins */ = {
			isa = PBXGroup;
			children = (
				345D2C432A66A3D400FFE6BE /* Poppins-ExtraLight.ttf */,
				345D2C442A66A3D400FFE6BE /* Poppins-ThinItalic.ttf */,
				345D2C452A66A3D400FFE6BE /* Poppins-ExtraLightItalic.ttf */,
				345D2C462A66A3D400FFE6BE /* Poppins-BoldItalic.ttf */,
				345D2C472A66A3D400FFE6BE /* Poppins-Light.ttf */,
				345D2C482A66A3D400FFE6BE /* Poppins-Medium.ttf */,
				345D2C492A66A3D400FFE6BE /* Poppins-SemiBoldItalic.ttf */,
				345D2C4A2A66A3D400FFE6BE /* Poppins-ExtraBoldItalic.ttf */,
				345D2C4B2A66A3D400FFE6BE /* Poppins-ExtraBold.ttf */,
				345D2C4C2A66A3D400FFE6BE /* Poppins-BlackItalic.ttf */,
				345D2C4D2A66A3D400FFE6BE /* Poppins-Regular.ttf */,
				345D2C4E2A66A3D400FFE6BE /* Poppins-LightItalic.ttf */,
				345D2C4F2A66A3D400FFE6BE /* Poppins-Bold.ttf */,
				345D2C502A66A3D400FFE6BE /* Poppins-Black.ttf */,
				345D2C512A66A3D400FFE6BE /* Poppins-Thin.ttf */,
				345D2C522A66A3D400FFE6BE /* Poppins-SemiBold.ttf */,
				345D2C532A66A3D400FFE6BE /* Poppins-Italic.ttf */,
				345D2C542A66A3D400FFE6BE /* Poppins-MediumItalic.ttf */,
			);
			path = Poppins;
			sourceTree = "<group>";
		};
		34F5ADEE2A67C23400E2AFBD /* Views */ = {
			isa = PBXGroup;
			children = (
				345D2C682A66CECD00FFE6BE /* DayWiseCell.swift */,
				34F5ADF42A67C2BB00E2AFBD /* TwoWeekTableCell.swift */,
				C03254452C25D046001875F6 /* WeatherCell.swift */,
			);
			path = Views;
			sourceTree = "<group>";
		};
		34F5ADF02A67C25500E2AFBD /* Utils */ = {
			isa = PBXGroup;
			children = (
				345D2C1A2A667C6D00FFE6BE /* DatePickerVC.swift */,
				345D2C1C2A667C9500FFE6BE /* HelperClass.swift */,
				345D2C1E2A667CF600FFE6BE /* AlertVC.swift */,
				345D2C202A667D3900FFE6BE /* Settings.swift */,
				345D2C222A667D5B00FFE6BE /* WebService.swift */,
				345D2C242A667DA300FFE6BE /* ApiUrl.swift */,
			);
			path = Utils;
			sourceTree = "<group>";
		};
		34F5ADF12A67C26C00E2AFBD /* Model */ = {
			isa = PBXGroup;
			children = (
				345D2C262A6686BC00FFE6BE /* ResponseModel.swift */,
			);
			path = Model;
			sourceTree = "<group>";
		};
		34F5ADF22A67C27B00E2AFBD /* Controller */ = {
			isa = PBXGroup;
			children = (
				345D2C0A2A667C0500FFE6BE /* ViewController.swift */,
				34F5ADEC2A67B99500E2AFBD /* MyTabController.swift */,
				34F5ADF82A67E48600E2AFBD /* SearchPlaceVC.swift */,
				C026763D2B31445A00924422 /* StartupScreen.swift */,
				C0940DA02C2590B500B141A8 /* WeatherVC.swift */,
			);
			path = Controller;
			sourceTree = "<group>";
		};
		34F5ADF32A67C28F00E2AFBD /* Core */ = {
			isa = PBXGroup;
			children = (
				345D2C062A667C0500FFE6BE /* AppDelegate.swift */,
				345D2C082A667C0500FFE6BE /* SceneDelegate.swift */,
				345D2C0C2A667C0500FFE6BE /* Main.storyboard */,
				345D2C0F2A667C0700FFE6BE /* Assets.xcassets */,
				345D2C112A667C0700FFE6BE /* LaunchScreen.storyboard */,
			);
			path = Core;
			sourceTree = "<group>";
		};
		C01711692B306E1300C18D5E /* Rain */ = {
			isa = PBXGroup;
			children = (
				C01711742B306EA000C18D5E /* rain.mp4 */,
			);
			path = Rain;
			sourceTree = "<group>";
		};
		C017116A2B306E2400C18D5E /* RainOvercast */ = {
			isa = PBXGroup;
			children = (
				C01711732B306E9300C18D5E /* rainOvercast.mp4 */,
			);
			path = RainOvercast;
			sourceTree = "<group>";
		};
		C017116B2B306E2F00C18D5E /* rainPartiallyCloudy */ = {
			isa = PBXGroup;
			children = (
				C017116F2B306E7500C18D5E /* rainPartiallyCloudy.mp4 */,
			);
			path = rainPartiallyCloudy;
			sourceTree = "<group>";
		};
		C017116C2B306E3D00C18D5E /* Snowy */ = {
			isa = PBXGroup;
			children = (
				C01711702B306E7E00C18D5E /* Snowy.mp4 */,
			);
			path = Snowy;
			sourceTree = "<group>";
		};
		C017116D2B306E4800C18D5E /* Storm */ = {
			isa = PBXGroup;
			children = (
				C01711712B306E8400C18D5E /* Storm.mp4 */,
			);
			path = Storm;
			sourceTree = "<group>";
		};
		C017116E2B306E4D00C18D5E /* Windy */ = {
			isa = PBXGroup;
			children = (
				C01711722B306E8A00C18D5E /* Windy.mp4 */,
			);
			path = Windy;
			sourceTree = "<group>";
		};
		C0940D9B2C25900800B141A8 /* 3D Models */ = {
			isa = PBXGroup;
			children = (
				C03254222C259E71001875F6 /* weather.scn */,
				C03254262C25A1BA001875F6 /* Clear.scn */,
				C032542B2C25A3D1001875F6 /* Overcast.scn */,
				C03254242C259EA5001875F6 /* PartiallyCloudy.scn */,
				C0940D9C2C25903900B141A8 /* Sun.scn */,
				C032542D2C25A5D2001875F6 /* RainOvercast.scn */,
				C032542F2C25A6E5001875F6 /* SnowOvercast.scn */,
				C03254312C25A8AF001875F6 /* RainPartiallyCloudy.scn */,
				C03254332C25A995001875F6 /* SnowPartiallyCloudy.scn */,
				C03254372C25AB26001875F6 /* SnowRainPartially.scn */,
				C03254392C25ABD6001875F6 /* SnowRainOvercast.scn */,
				C032543B2C25AE05001875F6 /* Rain.scn */,
				C032543D2C25B120001875F6 /* Snow.scn */,
				C032543F2C25B252001875F6 /* Storm.scn */,
				C03254412C25B37D001875F6 /* Windy.scn */,
				C03254432C25B57F001875F6 /* Haze.scn */,
			);
			path = "3D Models";
			sourceTree = "<group>";
		};
		C09701DD2B2F5E0800EB8385 /* Videos */ = {
			isa = PBXGroup;
			children = (
				C02676452B31590900924422 /* AnimatedLogo.gif */,
				C026764B2B31928D00924422 /* Logo.gif */,
				C026764C2B31928D00924422 /* LogoDark.gif */,
				C0A197862B63AFA600BD08D8 /* snowRainPartiallyCloudy */,
				C0A197882B63B16700BD08D8 /* snowOvercast */,
				C017116E2B306E4D00C18D5E /* Windy */,
				C017116D2B306E4800C18D5E /* Storm */,
				C017116C2B306E3D00C18D5E /* Snowy */,
				C017116B2B306E2F00C18D5E /* rainPartiallyCloudy */,
				C017116A2B306E2400C18D5E /* RainOvercast */,
				C01711692B306E1300C18D5E /* Rain */,
				C09701E32B2F6A5900EB8385 /* Night */,
				C09701E22B2F6A4F00EB8385 /* Evening */,
				C09701E12B2F6A4700EB8385 /* Afternoon */,
				C09701E02B2F6A3D00EB8385 /* Mornings */,
				C09701DE2B2F5E1500EB8385 /* Beach.mp4 */,
			);
			path = Videos;
			sourceTree = "<group>";
		};
		C09701E02B2F6A3D00EB8385 /* Mornings */ = {
			isa = PBXGroup;
			children = (
				C01711772B306EC700C18D5E /* cloudyMorning.mp4 */,
				C01711782B306EC700C18D5E /* fogMorning.mp4 */,
				C01711792B306EC700C18D5E /* hazeMorning.mp4 */,
				C01711762B306EC700C18D5E /* overcastMorning.mp4 */,
				C01711752B306EB500C18D5E /* dryMorning.mp4 */,
				C09701E52B2F6BDE00EB8385 /* clearMorning.mp4 */,
			);
			path = Mornings;
			sourceTree = "<group>";
		};
		C09701E12B2F6A4700EB8385 /* Afternoon */ = {
			isa = PBXGroup;
			children = (
				C017117B2B306EFE00C18D5E /* cloudyNoon.mp4 */,
				C017117D2B306EFE00C18D5E /* fogNoon.mp4 */,
				C017117E2B306EFF00C18D5E /* hazeNoon.mp4 */,
				C017117C2B306EFE00C18D5E /* overcastNoon.mp4 */,
				C017117A2B306EE500C18D5E /* dryNoon.mp4 */,
				C09701E72B2F7C0500EB8385 /* clearNoon.mp4 */,
			);
			path = Afternoon;
			sourceTree = "<group>";
		};
		C09701E22B2F6A4F00EB8385 /* Evening */ = {
			isa = PBXGroup;
			children = (
				C01711812B306F1900C18D5E /* dryEvening.mp4 */,
				C01711832B306F1B00C18D5E /* overcastEvening.mp4 */,
				C01711822B306F1900C18D5E /* fogEvening.mp4 */,
				C01711802B306F1900C18D5E /* hazeEvening.mp4 */,
				C017117F2B306F0800C18D5E /* cloudyEvening.mp4 */,
				C09701E82B2F7C1600EB8385 /* clearEvening.mp4 */,
			);
			path = Evening;
			sourceTree = "<group>";
		};
		C09701E32B2F6A5900EB8385 /* Night */ = {
			isa = PBXGroup;
			children = (
				C01711882B306F3A00C18D5E /* cloudyNight.mp4 */,
				C01711852B306F3800C18D5E /* dryNight.mp4 */,
				C01711842B306F3800C18D5E /* fogNight.mp4 */,
				C01711862B306F3900C18D5E /* hazeNight.mp4 */,
				C01711872B306F3A00C18D5E /* overcastNight.mp4 */,
				C09701EF2B2F8D0300EB8385 /* clearNight.mp4 */,
			);
			path = Night;
			sourceTree = "<group>";
		};
		C0A197862B63AFA600BD08D8 /* snowRainPartiallyCloudy */ = {
			isa = PBXGroup;
			children = (
				C0A197872B63AFBE00BD08D8 /* snowRainPartiallyCloudy.mp4 */,
			);
			name = snowRainPartiallyCloudy;
			sourceTree = "<group>";
		};
		C0A197882B63B16700BD08D8 /* snowOvercast */ = {
			isa = PBXGroup;
			children = (
				C0A197892B63B17800BD08D8 /* snowOvercast.mp4 */,
			);
			name = snowOvercast;
			sourceTree = "<group>";
		};
		CED5733B7C6E0FBCB089994D /* Pods */ = {
			isa = PBXGroup;
			children = (
				46406723D65D019FC0AC7624 /* Pods-WeatherApp.debug.xcconfig */,
				C4B24E6493128D9A1205AE95 /* Pods-WeatherApp.release.xcconfig */,
			);
			path = Pods;
			sourceTree = "<group>";
		};
		D6F2CDE1F4C5FA3771D7D4A7 /* Frameworks */ = {
			isa = PBXGroup;
			children = (
				326D8C36FA272514EC5C8423 /* Pods_WeatherApp.framework */,
				345D2C6F2A66E42200FFE6BE /* WidgetKit.framework */,
				345D2C712A66E42200FFE6BE /* SwiftUI.framework */,
			);
			name = Frameworks;
			sourceTree = "<group>";
		};
/* End PBXGroup section */

/* Begin PBXNativeTarget section */
		345D2C022A667C0500FFE6BE /* WeatherApp */ = {
			isa = PBXNativeTarget;
			buildConfigurationList = 345D2C172A667C0700FFE6BE /* Build configuration list for PBXNativeTarget "WeatherApp" */;
			buildPhases = (
				CE09B1215A3A2878C31DDC88 /* [CP] Check Pods Manifest.lock */,
				345D2BFF2A667C0500FFE6BE /* Sources */,
				345D2C002A667C0500FFE6BE /* Frameworks */,
				345D2C012A667C0500FFE6BE /* Resources */,
				F1C9CB188F0C36085702F848 /* [CP] Embed Pods Frameworks */,
				345D2C812A66E42300FFE6BE /* Embed Foundation Extensions */,
			);
			buildRules = (
			);
			dependencies = (
			);
			name = WeatherApp;
			productName = WeatherApp;
			productReference = 345D2C032A667C0500FFE6BE /* WeatherApp.app */;
			productType = "com.apple.product-type.application";
		};
/* End PBXNativeTarget section */

/* Begin PBXProject section */
		345D2BFB2A667C0500FFE6BE /* Project object */ = {
			isa = PBXProject;
			attributes = {
				BuildIndependentTargetsInParallel = 1;
				LastSwiftUpdateCheck = 1430;
				LastUpgradeCheck = 1430;
				TargetAttributes = {
					345D2C022A667C0500FFE6BE = {
						CreatedOnToolsVersion = 14.3.1;
					};
				};
			};
			buildConfigurationList = 345D2BFE2A667C0500FFE6BE /* Build configuration list for PBXProject "WeatherApp" */;
			compatibilityVersion = "Xcode 14.0";
			developmentRegion = en;
			hasScannedForEncodings = 0;
			knownRegions = (
				en,
				Base,
			);
			mainGroup = 345D2BFA2A667C0500FFE6BE;
			productRefGroup = 345D2C042A667C0500FFE6BE /* Products */;
			projectDirPath = "";
			projectRoot = "";
			targets = (
				345D2C022A667C0500FFE6BE /* WeatherApp */,
			);
		};
/* End PBXProject section */

/* Begin PBXResourcesBuildPhase section */
		345D2C012A667C0500FFE6BE /* Resources */ = {
			isa = PBXResourcesBuildPhase;
			buildActionMask = 2147483647;
			files = (
				345D2C582A66A3D400FFE6BE /* Poppins-ExtraLightItalic.ttf in Resources */,
				345D2C632A66A3D400FFE6BE /* Poppins-Black.ttf in Resources */,
				345D2C612A66A3D400FFE6BE /* Poppins-LightItalic.ttf in Resources */,
				345D2C642A66A3D400FFE6BE /* Poppins-Thin.ttf in Resources */,
				345D2C5F2A66A3D400FFE6BE /* Poppins-BlackItalic.ttf in Resources */,
				345D2C652A66A3D400FFE6BE /* Poppins-SemiBold.ttf in Resources */,
				345D2C622A66A3D400FFE6BE /* Poppins-Bold.ttf in Resources */,
				C026764E2B31928D00924422 /* LogoDark.gif in Resources */,
				345D2C562A66A3D400FFE6BE /* Poppins-ExtraLight.ttf in Resources */,
				345D2C592A66A3D400FFE6BE /* Poppins-BoldItalic.ttf in Resources */,
				345D2C5A2A66A3D400FFE6BE /* Poppins-Light.ttf in Resources */,
				345D2C5E2A66A3D400FFE6BE /* Poppins-ExtraBold.ttf in Resources */,
				C032543A2C25ABD6001875F6 /* SnowRainOvercast.scn in Resources */,
				C01711892B306F6A00C18D5E /* Windy.mp4 in Resources */,
				C03254232C259E71001875F6 /* weather.scn in Resources */,
				C017118A2B306F6A00C18D5E /* Storm.mp4 in Resources */,
				C03254442C25B57F001875F6 /* Haze.scn in Resources */,
				C032542E2C25A5D2001875F6 /* RainOvercast.scn in Resources */,
				C017118B2B306F6A00C18D5E /* Snowy.mp4 in Resources */,
				C032543C2C25AE05001875F6 /* Rain.scn in Resources */,
				C017118C2B306F6A00C18D5E /* rainPartiallyCloudy.mp4 in Resources */,
				C017118D2B306F6A00C18D5E /* rainOvercast.mp4 in Resources */,
				C017118E2B306F6A00C18D5E /* rain.mp4 in Resources */,
				C017118F2B306F6A00C18D5E /* cloudyNight.mp4 in Resources */,
				C03254252C259EA5001875F6 /* PartiallyCloudy.scn in Resources */,
				C01711902B306F6A00C18D5E /* dryNight.mp4 in Resources */,
				C01711912B306F6A00C18D5E /* fogNight.mp4 in Resources */,
				C01711922B306F6A00C18D5E /* hazeNight.mp4 in Resources */,
				C026764D2B31928D00924422 /* Logo.gif in Resources */,
				C01711932B306F6A00C18D5E /* overcastNight.mp4 in Resources */,
				C09701F02B2F8D0600EB8385 /* clearNight.mp4 in Resources */,
				C01711942B306F6A00C18D5E /* dryEvening.mp4 in Resources */,
				C01711952B306F6A00C18D5E /* overcastEvening.mp4 in Resources */,
				C01711962B306F6A00C18D5E /* fogEvening.mp4 in Resources */,
				C01711972B306F6A00C18D5E /* hazeEvening.mp4 in Resources */,
				C01711982B306F6A00C18D5E /* cloudyEvening.mp4 in Resources */,
				C09701EB2B2F7C3D00EB8385 /* clearEvening.mp4 in Resources */,
				C03254402C25B252001875F6 /* Storm.scn in Resources */,
				C01711992B306F6A00C18D5E /* cloudyNoon.mp4 in Resources */,
				C017119A2B306F6A00C18D5E /* fogNoon.mp4 in Resources */,
				C0940D9D2C25903900B141A8 /* Sun.scn in Resources */,
				C017119B2B306F6A00C18D5E /* hazeNoon.mp4 in Resources */,
				C017119C2B306F6A00C18D5E /* overcastNoon.mp4 in Resources */,
				C017119D2B306F6A00C18D5E /* dryNoon.mp4 in Resources */,
				C017119E2B306F6A00C18D5E /* cloudyMorning.mp4 in Resources */,
				C017119F2B306F6A00C18D5E /* fogMorning.mp4 in Resources */,
				C03254382C25AB26001875F6 /* SnowRainPartially.scn in Resources */,
				C01711A02B306F6A00C18D5E /* hazeMorning.mp4 in Resources */,
				C01711A12B306F6A00C18D5E /* overcastMorning.mp4 in Resources */,
				C03254342C25A995001875F6 /* SnowPartiallyCloudy.scn in Resources */,
				C01711A22B306F6A00C18D5E /* dryMorning.mp4 in Resources */,
				C09701E62B2F6BF700EB8385 /* clearMorning.mp4 in Resources */,
				C03254302C25A6E5001875F6 /* SnowOvercast.scn in Resources */,
				C09701EC2B2F7C3D00EB8385 /* clearNoon.mp4 in Resources */,
				C02676462B31590900924422 /* AnimatedLogo.gif in Resources */,
				C03254322C25A8AF001875F6 /* RainPartiallyCloudy.scn in Resources */,
				345D2C132A667C0700FFE6BE /* LaunchScreen.storyboard in Resources */,
				C032543E2C25B120001875F6 /* Snow.scn in Resources */,
				345D2C5C2A66A3D400FFE6BE /* Poppins-SemiBoldItalic.ttf in Resources */,
				345D2C5D2A66A3D400FFE6BE /* Poppins-ExtraBoldItalic.ttf in Resources */,
				C03254272C25A1BA001875F6 /* Clear.scn in Resources */,
				C03254422C25B37D001875F6 /* Windy.scn in Resources */,
				345D2C602A66A3D400FFE6BE /* Poppins-Regular.ttf in Resources */,
				C032542C2C25A3D1001875F6 /* Overcast.scn in Resources */,
				345D2C572A66A3D400FFE6BE /* Poppins-ThinItalic.ttf in Resources */,
				345D2C5B2A66A3D400FFE6BE /* Poppins-Medium.ttf in Resources */,
				345D2C102A667C0700FFE6BE /* Assets.xcassets in Resources */,
				345D2C662A66A3D400FFE6BE /* Poppins-Italic.ttf in Resources */,
				345D2C672A66A3D400FFE6BE /* Poppins-MediumItalic.ttf in Resources */,
				345D2C0E2A667C0500FFE6BE /* Main.storyboard in Resources */,
			);
			runOnlyForDeploymentPostprocessing = 0;
		};
/* End PBXResourcesBuildPhase section */

/* Begin PBXShellScriptBuildPhase section */
		CE09B1215A3A2878C31DDC88 /* [CP] Check Pods Manifest.lock */ = {
			isa = PBXShellScriptBuildPhase;
			buildActionMask = 2147483647;
			files = (
			);
			inputFileListPaths = (
			);
			inputPaths = (
				"${PODS_PODFILE_DIR_PATH}/Podfile.lock",
				"${PODS_ROOT}/Manifest.lock",
			);
			name = "[CP] Check Pods Manifest.lock";
			outputFileListPaths = (
			);
			outputPaths = (
				"$(DERIVED_FILE_DIR)/Pods-WeatherApp-checkManifestLockResult.txt",
			);
			runOnlyForDeploymentPostprocessing = 0;
			shellPath = /bin/sh;
			shellScript = "diff \"${PODS_PODFILE_DIR_PATH}/Podfile.lock\" \"${PODS_ROOT}/Manifest.lock\" > /dev/null\nif [ $? != 0 ] ; then\n    # print error to STDERR\n    echo \"error: The sandbox is not in sync with the Podfile.lock. Run 'pod install' or update your CocoaPods installation.\" >&2\n    exit 1\nfi\n# This output is used by Xcode 'outputs' to avoid re-running this script phase.\necho \"SUCCESS\" > \"${SCRIPT_OUTPUT_FILE_0}\"\n";
			showEnvVarsInLog = 0;
		};
		F1C9CB188F0C36085702F848 /* [CP] Embed Pods Frameworks */ = {
			isa = PBXShellScriptBuildPhase;
			buildActionMask = 2147483647;
			files = (
			);
			inputFileListPaths = (
				"${PODS_ROOT}/Target Support Files/Pods-WeatherApp/Pods-WeatherApp-frameworks-${CONFIGURATION}-input-files.xcfilelist",
			);
			name = "[CP] Embed Pods Frameworks";
			outputFileListPaths = (
				"${PODS_ROOT}/Target Support Files/Pods-WeatherApp/Pods-WeatherApp-frameworks-${CONFIGURATION}-output-files.xcfilelist",
			);
			runOnlyForDeploymentPostprocessing = 0;
			shellPath = /bin/sh;
			shellScript = "\"${PODS_ROOT}/Target Support Files/Pods-WeatherApp/Pods-WeatherApp-frameworks.sh\"\n";
			showEnvVarsInLog = 0;
		};
/* End PBXShellScriptBuildPhase section */

/* Begin PBXSourcesBuildPhase section */
		345D2BFF2A667C0500FFE6BE /* Sources */ = {
			isa = PBXSourcesBuildPhase;
			buildActionMask = 2147483647;
			files = (
				345D2C0B2A667C0500FFE6BE /* ViewController.swift in Sources */,
				345D2C1D2A667C9500FFE6BE /* HelperClass.swift in Sources */,
				C03254462C25D046001875F6 /* WeatherCell.swift in Sources */,
				34F5ADF92A67E48600E2AFBD /* SearchPlaceVC.swift in Sources */,
				C0940DA12C2590B500B141A8 /* WeatherVC.swift in Sources */,
				345D2C232A667D5B00FFE6BE /* WebService.swift in Sources */,
				345D2C072A667C0500FFE6BE /* AppDelegate.swift in Sources */,
				C026763E2B31445A00924422 /* StartupScreen.swift in Sources */,
				345D2C1F2A667CF600FFE6BE /* AlertVC.swift in Sources */,
				345D2C212A667D3900FFE6BE /* Settings.swift in Sources */,
				345D2C692A66CECD00FFE6BE /* DayWiseCell.swift in Sources */,
				345D2C1B2A667C6D00FFE6BE /* DatePickerVC.swift in Sources */,
				345D2C092A667C0500FFE6BE /* SceneDelegate.swift in Sources */,
				345D2C552A66A3D400FFE6BE /* Fonts.swift in Sources */,
				34F5ADED2A67B99500E2AFBD /* MyTabController.swift in Sources */,
				34F5ADF52A67C2BB00E2AFBD /* TwoWeekTableCell.swift in Sources */,
				345D2C272A6686BC00FFE6BE /* ResponseModel.swift in Sources */,
				345D2C252A667DA300FFE6BE /* ApiUrl.swift in Sources */,
			);
			runOnlyForDeploymentPostprocessing = 0;
		};
/* End PBXSourcesBuildPhase section */

/* Begin PBXVariantGroup section */
		345D2C0C2A667C0500FFE6BE /* Main.storyboard */ = {
			isa = PBXVariantGroup;
			children = (
				345D2C0D2A667C0500FFE6BE /* Base */,
			);
			name = Main.storyboard;
			sourceTree = "<group>";
		};
		345D2C112A667C0700FFE6BE /* LaunchScreen.storyboard */ = {
			isa = PBXVariantGroup;
			children = (
				345D2C122A667C0700FFE6BE /* Base */,
			);
			name = LaunchScreen.storyboard;
			sourceTree = "<group>";
		};
/* End PBXVariantGroup section */

/* Begin XCBuildConfiguration section */
		345D2C152A667C0700FFE6BE /* Debug */ = {
			isa = XCBuildConfiguration;
			buildSettings = {
				ALWAYS_SEARCH_USER_PATHS = NO;
				CLANG_ANALYZER_NONNULL = YES;
				CLANG_ANALYZER_NUMBER_OBJECT_CONVERSION = YES_AGGRESSIVE;
				CLANG_CXX_LANGUAGE_STANDARD = "gnu++20";
				CLANG_ENABLE_MODULES = YES;
				CLANG_ENABLE_OBJC_ARC = YES;
				CLANG_ENABLE_OBJC_WEAK = YES;
				CLANG_WARN_BLOCK_CAPTURE_AUTORELEASING = YES;
				CLANG_WARN_BOOL_CONVERSION = YES;
				CLANG_WARN_COMMA = YES;
				CLANG_WARN_CONSTANT_CONVERSION = YES;
				CLANG_WARN_DEPRECATED_OBJC_IMPLEMENTATIONS = YES;
				CLANG_WARN_DIRECT_OBJC_ISA_USAGE = YES_ERROR;
				CLANG_WARN_DOCUMENTATION_COMMENTS = YES;
				CLANG_WARN_EMPTY_BODY = YES;
				CLANG_WARN_ENUM_CONVERSION = YES;
				CLANG_WARN_INFINITE_RECURSION = YES;
				CLANG_WARN_INT_CONVERSION = YES;
				CLANG_WARN_NON_LITERAL_NULL_CONVERSION = YES;
				CLANG_WARN_OBJC_IMPLICIT_RETAIN_SELF = YES;
				CLANG_WARN_OBJC_LITERAL_CONVERSION = YES;
				CLANG_WARN_OBJC_ROOT_CLASS = YES_ERROR;
				CLANG_WARN_QUOTED_INCLUDE_IN_FRAMEWORK_HEADER = YES;
				CLANG_WARN_RANGE_LOOP_ANALYSIS = YES;
				CLANG_WARN_STRICT_PROTOTYPES = YES;
				CLANG_WARN_SUSPICIOUS_MOVE = YES;
				CLANG_WARN_UNGUARDED_AVAILABILITY = YES_AGGRESSIVE;
				CLANG_WARN_UNREACHABLE_CODE = YES;
				CLANG_WARN__DUPLICATE_METHOD_MATCH = YES;
				COPY_PHASE_STRIP = NO;
				DEBUG_INFORMATION_FORMAT = dwarf;
				ENABLE_STRICT_OBJC_MSGSEND = YES;
				ENABLE_TESTABILITY = YES;
				GCC_C_LANGUAGE_STANDARD = gnu11;
				GCC_DYNAMIC_NO_PIC = NO;
				GCC_NO_COMMON_BLOCKS = YES;
				GCC_OPTIMIZATION_LEVEL = 0;
				GCC_PREPROCESSOR_DEFINITIONS = (
					"DEBUG=1",
					"$(inherited)",
				);
				GCC_WARN_64_TO_32_BIT_CONVERSION = YES;
				GCC_WARN_ABOUT_RETURN_TYPE = YES_ERROR;
				GCC_WARN_UNDECLARED_SELECTOR = YES;
				GCC_WARN_UNINITIALIZED_AUTOS = YES_AGGRESSIVE;
				GCC_WARN_UNUSED_FUNCTION = YES;
				GCC_WARN_UNUSED_VARIABLE = YES;
				IPHONEOS_DEPLOYMENT_TARGET = 16.4;
				MTL_ENABLE_DEBUG_INFO = INCLUDE_SOURCE;
				MTL_FAST_MATH = YES;
				ONLY_ACTIVE_ARCH = YES;
				SDKROOT = iphoneos;
				SWIFT_ACTIVE_COMPILATION_CONDITIONS = DEBUG;
				SWIFT_OPTIMIZATION_LEVEL = "-Onone";
			};
			name = Debug;
		};
		345D2C162A667C0700FFE6BE /* Release */ = {
			isa = XCBuildConfiguration;
			buildSettings = {
				ALWAYS_SEARCH_USER_PATHS = NO;
				CLANG_ANALYZER_NONNULL = YES;
				CLANG_ANALYZER_NUMBER_OBJECT_CONVERSION = YES_AGGRESSIVE;
				CLANG_CXX_LANGUAGE_STANDARD = "gnu++20";
				CLANG_ENABLE_MODULES = YES;
				CLANG_ENABLE_OBJC_ARC = YES;
				CLANG_ENABLE_OBJC_WEAK = YES;
				CLANG_WARN_BLOCK_CAPTURE_AUTORELEASING = YES;
				CLANG_WARN_BOOL_CONVERSION = YES;
				CLANG_WARN_COMMA = YES;
				CLANG_WARN_CONSTANT_CONVERSION = YES;
				CLANG_WARN_DEPRECATED_OBJC_IMPLEMENTATIONS = YES;
				CLANG_WARN_DIRECT_OBJC_ISA_USAGE = YES_ERROR;
				CLANG_WARN_DOCUMENTATION_COMMENTS = YES;
				CLANG_WARN_EMPTY_BODY = YES;
				CLANG_WARN_ENUM_CONVERSION = YES;
				CLANG_WARN_INFINITE_RECURSION = YES;
				CLANG_WARN_INT_CONVERSION = YES;
				CLANG_WARN_NON_LITERAL_NULL_CONVERSION = YES;
				CLANG_WARN_OBJC_IMPLICIT_RETAIN_SELF = YES;
				CLANG_WARN_OBJC_LITERAL_CONVERSION = YES;
				CLANG_WARN_OBJC_ROOT_CLASS = YES_ERROR;
				CLANG_WARN_QUOTED_INCLUDE_IN_FRAMEWORK_HEADER = YES;
				CLANG_WARN_RANGE_LOOP_ANALYSIS = YES;
				CLANG_WARN_STRICT_PROTOTYPES = YES;
				CLANG_WARN_SUSPICIOUS_MOVE = YES;
				CLANG_WARN_UNGUARDED_AVAILABILITY = YES_AGGRESSIVE;
				CLANG_WARN_UNREACHABLE_CODE = YES;
				CLANG_WARN__DUPLICATE_METHOD_MATCH = YES;
				COPY_PHASE_STRIP = NO;
				DEBUG_INFORMATION_FORMAT = "dwarf-with-dsym";
				ENABLE_NS_ASSERTIONS = NO;
				ENABLE_STRICT_OBJC_MSGSEND = YES;
				GCC_C_LANGUAGE_STANDARD = gnu11;
				GCC_NO_COMMON_BLOCKS = YES;
				GCC_WARN_64_TO_32_BIT_CONVERSION = YES;
				GCC_WARN_ABOUT_RETURN_TYPE = YES_ERROR;
				GCC_WARN_UNDECLARED_SELECTOR = YES;
				GCC_WARN_UNINITIALIZED_AUTOS = YES_AGGRESSIVE;
				GCC_WARN_UNUSED_FUNCTION = YES;
				GCC_WARN_UNUSED_VARIABLE = YES;
				IPHONEOS_DEPLOYMENT_TARGET = 16.4;
				MTL_ENABLE_DEBUG_INFO = NO;
				MTL_FAST_MATH = YES;
				SDKROOT = iphoneos;
				SWIFT_COMPILATION_MODE = wholemodule;
				SWIFT_OPTIMIZATION_LEVEL = "-O";
				VALIDATE_PRODUCT = YES;
			};
			name = Release;
		};
		345D2C182A667C0700FFE6BE /* Debug */ = {
			isa = XCBuildConfiguration;
			baseConfigurationReference = 46406723D65D019FC0AC7624 /* Pods-WeatherApp.debug.xcconfig */;
			buildSettings = {
				ASSETCATALOG_COMPILER_APPICON_NAME = AppIcon;
				ASSETCATALOG_COMPILER_GLOBAL_ACCENT_COLOR_NAME = AccentColor;
				CODE_SIGN_STYLE = Automatic;
				CURRENT_PROJECT_VERSION = 1;
				DEVELOPMENT_TEAM = 659TVY4N4U;
				GENERATE_INFOPLIST_FILE = YES;
				INFOPLIST_FILE = WeatherApp/Info.plist;
				INFOPLIST_KEY_CFBundleDisplayName = "OG Weather";
				INFOPLIST_KEY_NSLocalNetworkUsageDescription = "Allow access to local network to get/update weather data";
				INFOPLIST_KEY_NSLocationAlwaysAndWhenInUseUsageDescription = "Allow access to location to get location based weather data.";
				INFOPLIST_KEY_NSLocationAlwaysUsageDescription = "Allow access to location to get location based weather data.";
				INFOPLIST_KEY_NSLocationUsageDescription = "Allow access to location to get location based weather data.";
				INFOPLIST_KEY_NSLocationWhenInUseUsageDescription = "Allow access to location to get location based weather data.";
				INFOPLIST_KEY_UIApplicationSupportsIndirectInputEvents = YES;
				INFOPLIST_KEY_UILaunchStoryboardName = LaunchScreen;
				INFOPLIST_KEY_UIMainStoryboardFile = Main;
				INFOPLIST_KEY_UISupportedInterfaceOrientations = "UIInterfaceOrientationPortrait UIInterfaceOrientationPortraitUpsideDown";
				IPHONEOS_DEPLOYMENT_TARGET = 14.0;
				LD_RUNPATH_SEARCH_PATHS = (
					"$(inherited)",
					"@executable_path/Frameworks",
				);
				MARKETING_VERSION = 1.0;
				PRODUCT_BUNDLE_IDENTIFIER = com.OmGandhi.WeatherApp;
				PRODUCT_NAME = "$(TARGET_NAME)";
				SWIFT_EMIT_LOC_STRINGS = YES;
				SWIFT_VERSION = 5.0;
				TARGETED_DEVICE_FAMILY = "1,2";
			};
			name = Debug;
		};
		345D2C192A667C0700FFE6BE /* Release */ = {
			isa = XCBuildConfiguration;
			baseConfigurationReference = C4B24E6493128D9A1205AE95 /* Pods-WeatherApp.release.xcconfig */;
			buildSettings = {
				ASSETCATALOG_COMPILER_APPICON_NAME = AppIcon;
				ASSETCATALOG_COMPILER_GLOBAL_ACCENT_COLOR_NAME = AccentColor;
				CODE_SIGN_STYLE = Automatic;
				CURRENT_PROJECT_VERSION = 1;
				DEVELOPMENT_TEAM = 659TVY4N4U;
				GENERATE_INFOPLIST_FILE = YES;
				INFOPLIST_FILE = WeatherApp/Info.plist;
				INFOPLIST_KEY_CFBundleDisplayName = "OG Weather";
				INFOPLIST_KEY_NSLocalNetworkUsageDescription = "Allow access to local network to get/update weather data";
				INFOPLIST_KEY_NSLocationAlwaysAndWhenInUseUsageDescription = "Allow access to location to get location based weather data.";
				INFOPLIST_KEY_NSLocationAlwaysUsageDescription = "Allow access to location to get location based weather data.";
				INFOPLIST_KEY_NSLocationUsageDescription = "Allow access to location to get location based weather data.";
				INFOPLIST_KEY_NSLocationWhenInUseUsageDescription = "Allow access to location to get location based weather data.";
				INFOPLIST_KEY_UIApplicationSupportsIndirectInputEvents = YES;
				INFOPLIST_KEY_UILaunchStoryboardName = LaunchScreen;
				INFOPLIST_KEY_UIMainStoryboardFile = Main;
				INFOPLIST_KEY_UISupportedInterfaceOrientations = "UIInterfaceOrientationPortrait UIInterfaceOrientationPortraitUpsideDown";
				IPHONEOS_DEPLOYMENT_TARGET = 14.0;
				LD_RUNPATH_SEARCH_PATHS = (
					"$(inherited)",
					"@executable_path/Frameworks",
				);
				MARKETING_VERSION = 1.0;
				PRODUCT_BUNDLE_IDENTIFIER = com.OmGandhi.WeatherApp;
				PRODUCT_NAME = "$(TARGET_NAME)";
				SWIFT_EMIT_LOC_STRINGS = YES;
				SWIFT_VERSION = 5.0;
				TARGETED_DEVICE_FAMILY = "1,2";
			};
			name = Release;
		};
/* End XCBuildConfiguration section */

/* Begin XCConfigurationList section */
		345D2BFE2A667C0500FFE6BE /* Build configuration list for PBXProject "WeatherApp" */ = {
			isa = XCConfigurationList;
			buildConfigurations = (
				345D2C152A667C0700FFE6BE /* Debug */,
				345D2C162A667C0700FFE6BE /* Release */,
			);
			defaultConfigurationIsVisible = 0;
			defaultConfigurationName = Release;
		};
		345D2C172A667C0700FFE6BE /* Build configuration list for PBXNativeTarget "WeatherApp" */ = {
			isa = XCConfigurationList;
			buildConfigurations = (
				345D2C182A667C0700FFE6BE /* Debug */,
				345D2C192A667C0700FFE6BE /* Release */,
			);
			defaultConfigurationIsVisible = 0;
			defaultConfigurationName = Release;
		};
/* End XCConfigurationList section */
	};
	rootObject = 345D2BFB2A667C0500FFE6BE /* Project object */;
}
